
Microsoft Visual Studio Solution File, Format Version 12.00
# Visual Studio 14
VisualStudioVersion = 14.0.25420.1
MinimumVisualStudioVersion = 10.0.40219.1
Project("{FAE04EC0-301F-11D3-BF4B-00C04F79EFBC}") = "GestorPlantillas", "Proyecto\GestorPlantillas.csproj", "{08310490-A73D-43BA-BF07-B5A4935B438E}"
EndProject
Project("{FAE04EC0-301F-11D3-BF4B-00C04F79EFBC}") = "GestorPlantillasTests", "ProyectoTests\GestorPlantillasTests.csproj", "{50C29777-BEAF-462B-BBF8-28E41FF0D12D}"
EndProject
Project("{FAE04EC0-301F-11D3-BF4B-00C04F79EFBC}") = "GestorPlantillasWeb", "GestorPlantillasWeb\GestorPlantillasWeb.csproj", "{C2299D40-22DA-4B3C-AC0C-C999512DE0D0}"
EndProject
Project("{FAE04EC0-301F-11D3-BF4B-00C04F79EFBC}") = "GestorPlantillasWebTests", "GestorPlantillasWebTests\GestorPlantillasWebTests.csproj", "{486869EA-7E3C-4C40-945C-8DADA84C2D49}"
EndProject
Global
	GlobalSection(SolutionConfigurationPlatforms) = preSolution
		Debug|Any CPU = Debug|Any CPU
		Release|Any CPU = Release|Any CPU
	EndGlobalSection
	GlobalSection(ProjectConfigurationPlatforms) = postSolution
		{08310490-A73D-43BA-BF07-B5A4935B438E}.Debug|Any CPU.ActiveCfg = Debug|Any CPU
		{08310490-A73D-43BA-BF07-B5A4935B438E}.Debug|Any CPU.Build.0 = Debug|Any CPU
		{08310490-A73D-43BA-BF07-B5A4935B438E}.Release|Any CPU.ActiveCfg = Release|Any CPU
		{08310490-A73D-43BA-BF07-B5A4935B438E}.Release|Any CPU.Build.0 = Release|Any CPU
		{50C29777-BEAF-462B-BBF8-28E41FF0D12D}.Debug|Any CPU.ActiveCfg = Debug|Any CPU
		{50C29777-BEAF-462B-BBF8-28E41FF0D12D}.Debug|Any CPU.Build.0 = Debug|Any CPU
		{50C29777-BEAF-462B-BBF8-28E41FF0D12D}.Release|Any CPU.ActiveCfg = Release|Any CPU
		{50C29777-BEAF-462B-BBF8-28E41FF0D12D}.Release|Any CPU.Build.0 = Release|Any CPU
		{C2299D40-22DA-4B3C-AC0C-C999512DE0D0}.Debug|Any CPU.ActiveCfg = Debug|Any CPU
		{C2299D40-22DA-4B3C-AC0C-C999512DE0D0}.Debug|Any CPU.Build.0 = Debug|Any CPU
		{C2299D40-22DA-4B3C-AC0C-C999512DE0D0}.Release|Any CPU.ActiveCfg = Release|Any CPU
		{C2299D40-22DA-4B3C-AC0C-C999512DE0D0}.Release|Any CPU.Build.0 = Release|Any CPU
		{486869EA-7E3C-4C40-945C-8DADA84C2D49}.Debug|Any CPU.ActiveCfg = Debug|Any CPU
		{486869EA-7E3C-4C40-945C-8DADA84C2D49}.Debug|Any CPU.Build.0 = Debug|Any CPU
		{486869EA-7E3C-4C40-945C-8DADA84C2D49}.Release|Any CPU.ActiveCfg = Release|Any CPU
		{486869EA-7E3C-4C40-945C-8DADA84C2D49}.Release|Any CPU.Build.0 = Release|Any CPU
	EndGlobalSection
	GlobalSection(SolutionProperties) = preSolution
		HideSolutionNode = FALSE
	EndGlobalSection
EndGlobal
